
Microsoft Visual Studio Solution File, Format Version 12.00
# Visual Studio Version 17
VisualStudioVersion = 17.11.35327.3
MinimumVisualStudioVersion = 10.0.40219.1
Project("{FAE04EC0-301F-11D3-BF4B-00C04F79EFBC}") = "Semana11", "Semana11\Semana11.csproj", "{B9C5251C-80C6-4EE5-B37C-077F790FC8BD}"
EndProject
Global
	GlobalSection(SolutionConfigurationPlatforms) = preSolution
		Debug|Any CPU = Debug|Any CPU
		Release|Any CPU = Release|Any CPU
	EndGlobalSection
	GlobalSection(ProjectConfigurationPlatforms) = postSolution
		{B9C5251C-80C6-4EE5-B37C-077F790FC8BD}.Debug|Any CPU.ActiveCfg = Debug|Any CPU
		{B9C5251C-80C6-4EE5-B37C-077F790FC8BD}.Debug|Any CPU.Build.0 = Debug|Any CPU
		{B9C5251C-80C6-4EE5-B37C-077F790FC8BD}.Release|Any CPU.ActiveCfg = Release|Any CPU
		{B9C5251C-80C6-4EE5-B37C-077F790FC8BD}.Release|Any CPU.Build.0 = Release|Any CPU
	EndGlobalSection
	GlobalSection(SolutionProperties) = preSolution
		HideSolutionNode = FALSE
	EndGlobalSection
	GlobalSection(ExtensibilityGlobals) = postSolution
		SolutionGuid = {61DE71E0-6698-402A-8A04-59E6E1E4B13A}
	EndGlobalSection
EndGlobal
